
Microsoft Visual Studio Solution File, Format Version 12.00
# Visual Studio Version 17
VisualStudioVersion = 17.10.35027.167
MinimumVisualStudioVersion = 10.0.40219.1
Project("{FAE04EC0-301F-11D3-BF4B-00C04F79EFBC}") = "PalindromeFinder", "PalindromeFinder\PalindromeFinder.csproj", "{B87EDC56-F464-4BCD-8D0D-5130D7692D90}"
EndProject
Global
	GlobalSection(SolutionConfigurationPlatforms) = preSolution
		Debug|Any CPU = Debug|Any CPU
		Release|Any CPU = Release|Any CPU
	EndGlobalSection
	GlobalSection(ProjectConfigurationPlatforms) = postSolution
		{B87EDC56-F464-4BCD-8D0D-5130D7692D90}.Debug|Any CPU.ActiveCfg = Debug|Any CPU
		{B87EDC56-F464-4BCD-8D0D-5130D7692D90}.Debug|Any CPU.Build.0 = Debug|Any CPU
		{B87EDC56-F464-4BCD-8D0D-5130D7692D90}.Release|Any CPU.ActiveCfg = Release|Any CPU
		{B87EDC56-F464-4BCD-8D0D-5130D7692D90}.Release|Any CPU.Build.0 = Release|Any CPU
	EndGlobalSection
	GlobalSection(SolutionProperties) = preSolution
		HideSolutionNode = FALSE
	EndGlobalSection
	GlobalSection(ExtensibilityGlobals) = postSolution
		SolutionGuid = {32A6F1F4-2F05-4ED0-A7C2-50DC70A07E52}
	EndGlobalSection
EndGlobal
